
Microsoft Visual Studio Solution File, Format Version 12.00
# Visual Studio Version 17
VisualStudioVersion = 17.10.34928.147
MinimumVisualStudioVersion = 10.0.40219.1
Project("{FAE04EC0-301F-11D3-BF4B-00C04F79EFBC}") = "FWH", "FWH\FWH.csproj", "{0D0B29FE-ABE5-4965-B101-05B83AAD4650}"
EndProject
Global
	GlobalSection(SolutionConfigurationPlatforms) = preSolution
		Debug|Any CPU = Debug|Any CPU
		Release|Any CPU = Release|Any CPU
	EndGlobalSection
	GlobalSection(ProjectConfigurationPlatforms) = postSolution
		{0D0B29FE-ABE5-4965-B101-05B83AAD4650}.Debug|Any CPU.ActiveCfg = Debug|Any CPU
		{0D0B29FE-ABE5-4965-B101-05B83AAD4650}.Debug|Any CPU.Build.0 = Debug|Any CPU
		{0D0B29FE-ABE5-4965-B101-05B83AAD4650}.Release|Any CPU.ActiveCfg = Release|Any CPU
		{0D0B29FE-ABE5-4965-B101-05B83AAD4650}.Release|Any CPU.Build.0 = Release|Any CPU
	EndGlobalSection
	GlobalSection(SolutionProperties) = preSolution
		HideSolutionNode = FALSE
	EndGlobalSection
	GlobalSection(ExtensibilityGlobals) = postSolution
		SolutionGuid = {F8D19644-05D7-4B1C-83C0-ACD0D1820A83}
	EndGlobalSection
EndGlobal
